
Microsoft Visual Studio Solution File, Format Version 12.00
# Visual Studio Version 17
VisualStudioVersion = 17.9.34622.214
MinimumVisualStudioVersion = 10.0.40219.1
Project("{FAE04EC0-301F-11D3-BF4B-00C04F79EFBC}") = "RealEstateApp.WebApp", "RealEstateApp.WebApp\RealEstateApp.WebApp.csproj", "{251E3561-F7D7-4DF9-9670-196BE1440339}"
EndProject
Project("{FAE04EC0-301F-11D3-BF4B-00C04F79EFBC}") = "RealStateApp.WebApi", "RealStateApp.WebApi\RealStateApp.WebApi.csproj", "{F2670E8D-5699-49FA-9D89-D0C335552D11}"
EndProject
Global
	GlobalSection(SolutionConfigurationPlatforms) = preSolution
		Debug|Any CPU = Debug|Any CPU
		Release|Any CPU = Release|Any CPU
	EndGlobalSection
	GlobalSection(ProjectConfigurationPlatforms) = postSolution
		{251E3561-F7D7-4DF9-9670-196BE1440339}.Debug|Any CPU.ActiveCfg = Debug|Any CPU
		{251E3561-F7D7-4DF9-9670-196BE1440339}.Debug|Any CPU.Build.0 = Debug|Any CPU
		{251E3561-F7D7-4DF9-9670-196BE1440339}.Release|Any CPU.ActiveCfg = Release|Any CPU
		{251E3561-F7D7-4DF9-9670-196BE1440339}.Release|Any CPU.Build.0 = Release|Any CPU
		{F2670E8D-5699-49FA-9D89-D0C335552D11}.Debug|Any CPU.ActiveCfg = Debug|Any CPU
		{F2670E8D-5699-49FA-9D89-D0C335552D11}.Debug|Any CPU.Build.0 = Debug|Any CPU
		{F2670E8D-5699-49FA-9D89-D0C335552D11}.Release|Any CPU.ActiveCfg = Release|Any CPU
		{F2670E8D-5699-49FA-9D89-D0C335552D11}.Release|Any CPU.Build.0 = Release|Any CPU
	EndGlobalSection
	GlobalSection(SolutionProperties) = preSolution
		HideSolutionNode = FALSE
	EndGlobalSection
	GlobalSection(ExtensibilityGlobals) = postSolution
		SolutionGuid = {5B51B39E-457E-4542-8478-80E5C682CE57}
	EndGlobalSection
EndGlobal
