
Microsoft Visual Studio Solution File, Format Version 12.00
# Visual Studio Version 17
VisualStudioVersion = 17.9.34622.214
MinimumVisualStudioVersion = 10.0.40219.1
Project("{FAE04EC0-301F-11D3-BF4B-00C04F79EFBC}") = "RealEstateApp.WebApp", "RealEstateApp.WebApp\RealEstateApp.WebApp.csproj", "{251E3561-F7D7-4DF9-9670-196BE1440339}"
EndProject
Project("{2150E333-8FDC-42A3-9474-1A3956D46DE8}") = "Source", "Source", "{FB0A89D5-156F-460A-872B-067146E5073F}"
EndProject
Project("{2150E333-8FDC-42A3-9474-1A3956D46DE8}") = "Infrastructure", "Infrastructure", "{44EB3F12-AA83-4A47-A079-BD12D8467A6C}"
EndProject
Project("{2150E333-8FDC-42A3-9474-1A3956D46DE8}") = "Core", "Core", "{7D1F06DB-3A51-4F3D-A25A-F84345E70650}"
EndProject
Project("{2150E333-8FDC-42A3-9474-1A3956D46DE8}") = "Presentation", "Presentation", "{0AD052DC-6C2C-45C0-9C02-244260AB35E0}"
EndProject
Project("{2150E333-8FDC-42A3-9474-1A3956D46DE8}") = "WebApp", "WebApp", "{05466F77-C89A-4AAF-ACC0-CCC2B43ECBDA}"
EndProject
Project("{2150E333-8FDC-42A3-9474-1A3956D46DE8}") = "WebApi", "WebApi", "{469088A0-5BEB-4232-BDE8-C79E851DFAA0}"
EndProject
Project("{FAE04EC0-301F-11D3-BF4B-00C04F79EFBC}") = "RealEstateApp.Core.Application", "RealEstateApp.Core.Application\RealEstateApp.Core.Application.csproj", "{91327A64-4017-45D3-B64A-09B20F0479EE}"
EndProject
Project("{FAE04EC0-301F-11D3-BF4B-00C04F79EFBC}") = "RealEstateApp.Core.Domain", "RealEstateApp.Core.Domain\RealEstateApp.Core.Domain.csproj", "{4AE2C1A4-E2D0-4908-8089-968D1AE79B2F}"
EndProject
Project("{FAE04EC0-301F-11D3-BF4B-00C04F79EFBC}") = "RealEstateApp.Infrastructure.Identity", "RealEstateApp.Infrastructure.Identity\RealEstateApp.Infrastructure.Identity.csproj", "{DD8C9F46-ADAF-42BF-9BA0-ACBE1DD75FD0}"
EndProject
Project("{FAE04EC0-301F-11D3-BF4B-00C04F79EFBC}") = "RealEstateApp.Infrastructure.Persistence", "RealEstateApp.Infrastructure.Persistence\RealEstateApp.Infrastructure.Persistence.csproj", "{B911FC9A-C927-41C8-B5E0-9924C231F1FF}"
EndProject
Project("{FAE04EC0-301F-11D3-BF4B-00C04F79EFBC}") = "RealEstateApp.Infrastructure.Shared", "RealEstateApp.Infrastructure.Shared\RealEstateApp.Infrastructure.Shared.csproj", "{0754F331-1399-4B36-A161-FB235A5F946F}"
EndProject
Project("{FAE04EC0-301F-11D3-BF4B-00C04F79EFBC}") = "RealEstateApp.WebApi", "RealEstateApp.WebApi\RealEstateApp.WebApi.csproj", "{A892BDC5-3BB9-4FA1-87D9-C57D8E3936BC}"
EndProject
Global
	GlobalSection(SolutionConfigurationPlatforms) = preSolution
		Debug|Any CPU = Debug|Any CPU
		Release|Any CPU = Release|Any CPU
	EndGlobalSection
	GlobalSection(ProjectConfigurationPlatforms) = postSolution
		{251E3561-F7D7-4DF9-9670-196BE1440339}.Debug|Any CPU.ActiveCfg = Debug|Any CPU
		{251E3561-F7D7-4DF9-9670-196BE1440339}.Debug|Any CPU.Build.0 = Debug|Any CPU
		{251E3561-F7D7-4DF9-9670-196BE1440339}.Release|Any CPU.ActiveCfg = Release|Any CPU
		{251E3561-F7D7-4DF9-9670-196BE1440339}.Release|Any CPU.Build.0 = Release|Any CPU
		{91327A64-4017-45D3-B64A-09B20F0479EE}.Debug|Any CPU.ActiveCfg = Debug|Any CPU
		{91327A64-4017-45D3-B64A-09B20F0479EE}.Debug|Any CPU.Build.0 = Debug|Any CPU
		{91327A64-4017-45D3-B64A-09B20F0479EE}.Release|Any CPU.ActiveCfg = Release|Any CPU
		{91327A64-4017-45D3-B64A-09B20F0479EE}.Release|Any CPU.Build.0 = Release|Any CPU
		{4AE2C1A4-E2D0-4908-8089-968D1AE79B2F}.Debug|Any CPU.ActiveCfg = Debug|Any CPU
		{4AE2C1A4-E2D0-4908-8089-968D1AE79B2F}.Debug|Any CPU.Build.0 = Debug|Any CPU
		{4AE2C1A4-E2D0-4908-8089-968D1AE79B2F}.Release|Any CPU.ActiveCfg = Release|Any CPU
		{4AE2C1A4-E2D0-4908-8089-968D1AE79B2F}.Release|Any CPU.Build.0 = Release|Any CPU
		{DD8C9F46-ADAF-42BF-9BA0-ACBE1DD75FD0}.Debug|Any CPU.ActiveCfg = Debug|Any CPU
		{DD8C9F46-ADAF-42BF-9BA0-ACBE1DD75FD0}.Debug|Any CPU.Build.0 = Debug|Any CPU
		{DD8C9F46-ADAF-42BF-9BA0-ACBE1DD75FD0}.Release|Any CPU.ActiveCfg = Release|Any CPU
		{DD8C9F46-ADAF-42BF-9BA0-ACBE1DD75FD0}.Release|Any CPU.Build.0 = Release|Any CPU
		{B911FC9A-C927-41C8-B5E0-9924C231F1FF}.Debug|Any CPU.ActiveCfg = Debug|Any CPU
		{B911FC9A-C927-41C8-B5E0-9924C231F1FF}.Debug|Any CPU.Build.0 = Debug|Any CPU
		{B911FC9A-C927-41C8-B5E0-9924C231F1FF}.Release|Any CPU.ActiveCfg = Release|Any CPU
		{B911FC9A-C927-41C8-B5E0-9924C231F1FF}.Release|Any CPU.Build.0 = Release|Any CPU
		{0754F331-1399-4B36-A161-FB235A5F946F}.Debug|Any CPU.ActiveCfg = Debug|Any CPU
		{0754F331-1399-4B36-A161-FB235A5F946F}.Debug|Any CPU.Build.0 = Debug|Any CPU
		{0754F331-1399-4B36-A161-FB235A5F946F}.Release|Any CPU.ActiveCfg = Release|Any CPU
		{0754F331-1399-4B36-A161-FB235A5F946F}.Release|Any CPU.Build.0 = Release|Any CPU
		{A892BDC5-3BB9-4FA1-87D9-C57D8E3936BC}.Debug|Any CPU.ActiveCfg = Debug|Any CPU
		{A892BDC5-3BB9-4FA1-87D9-C57D8E3936BC}.Debug|Any CPU.Build.0 = Debug|Any CPU
		{A892BDC5-3BB9-4FA1-87D9-C57D8E3936BC}.Release|Any CPU.ActiveCfg = Release|Any CPU
		{A892BDC5-3BB9-4FA1-87D9-C57D8E3936BC}.Release|Any CPU.Build.0 = Release|Any CPU
	EndGlobalSection
	GlobalSection(SolutionProperties) = preSolution
		HideSolutionNode = FALSE
	EndGlobalSection
	GlobalSection(NestedProjects) = preSolution
		{251E3561-F7D7-4DF9-9670-196BE1440339} = {05466F77-C89A-4AAF-ACC0-CCC2B43ECBDA}
		{44EB3F12-AA83-4A47-A079-BD12D8467A6C} = {FB0A89D5-156F-460A-872B-067146E5073F}
		{7D1F06DB-3A51-4F3D-A25A-F84345E70650} = {FB0A89D5-156F-460A-872B-067146E5073F}
		{0AD052DC-6C2C-45C0-9C02-244260AB35E0} = {FB0A89D5-156F-460A-872B-067146E5073F}
		{05466F77-C89A-4AAF-ACC0-CCC2B43ECBDA} = {0AD052DC-6C2C-45C0-9C02-244260AB35E0}
		{469088A0-5BEB-4232-BDE8-C79E851DFAA0} = {0AD052DC-6C2C-45C0-9C02-244260AB35E0}
		{91327A64-4017-45D3-B64A-09B20F0479EE} = {7D1F06DB-3A51-4F3D-A25A-F84345E70650}
		{4AE2C1A4-E2D0-4908-8089-968D1AE79B2F} = {7D1F06DB-3A51-4F3D-A25A-F84345E70650}
		{DD8C9F46-ADAF-42BF-9BA0-ACBE1DD75FD0} = {44EB3F12-AA83-4A47-A079-BD12D8467A6C}
		{B911FC9A-C927-41C8-B5E0-9924C231F1FF} = {44EB3F12-AA83-4A47-A079-BD12D8467A6C}
		{0754F331-1399-4B36-A161-FB235A5F946F} = {44EB3F12-AA83-4A47-A079-BD12D8467A6C}
		{A892BDC5-3BB9-4FA1-87D9-C57D8E3936BC} = {469088A0-5BEB-4232-BDE8-C79E851DFAA0}
	EndGlobalSection
	GlobalSection(ExtensibilityGlobals) = postSolution
		SolutionGuid = {5B51B39E-457E-4542-8478-80E5C682CE57}
	EndGlobalSection
EndGlobal
